// !$*UTF8*$!
{
	archiveVersion = 1;
	classes = {
	};
	objectVersion = 56;
	objects = {

/* Begin PBXBuildFile section */
		4D0CFB9E2B4B2D6C006B32EE /* Evaluate.swift in Sources */ = {isa = PBXBuildFile; fileRef = 4D0CFB9D2B4B2D6C006B32EE /* Evaluate.swift */; };
		4D0CFBA62B4B2EB6006B32EE /* ReleaseListViewModelTests.swift in Sources */ = {isa = PBXBuildFile; fileRef = 4D0CFBA52B4B2EB6006B32EE /* ReleaseListViewModelTests.swift */; };
		4D0CFBA82B4B307A006B32EE /* ReleaseTests.swift in Sources */ = {isa = PBXBuildFile; fileRef = 4D0CFBA72B4B307A006B32EE /* ReleaseTests.swift */; };
		4D0CFBAA2B4B3092006B32EE /* MockReleaseRepository.swift in Sources */ = {isa = PBXBuildFile; fileRef = 4D0CFBA92B4B3092006B32EE /* MockReleaseRepository.swift */; };
		4D0CFBAC2B4B309F006B32EE /* ReleaseRepositoryTests.swift in Sources */ = {isa = PBXBuildFile; fileRef = 4D0CFBAB2B4B309F006B32EE /* ReleaseRepositoryTests.swift */; };
		4D0CFBAE2B4B30AF006B32EE /* MockReleaseAPI.swift in Sources */ = {isa = PBXBuildFile; fileRef = 4D0CFBAD2B4B30AF006B32EE /* MockReleaseAPI.swift */; };
		4D0CFBB02B4B30BD006B32EE /* MockURLSession.swift in Sources */ = {isa = PBXBuildFile; fileRef = 4D0CFBAF2B4B30BD006B32EE /* MockURLSession.swift */; };
		4D0CFBB22B4B30CC006B32EE /* ReleaseAPITests.swift in Sources */ = {isa = PBXBuildFile; fileRef = 4D0CFBB12B4B30CC006B32EE /* ReleaseAPITests.swift */; };
		4D0CFBB42B4B30DF006B32EE /* MockReleaseDB.swift in Sources */ = {isa = PBXBuildFile; fileRef = 4D0CFBB32B4B30DF006B32EE /* MockReleaseDB.swift */; };
		4D2679482B592E16004E62D2 /* Artists.swift in Sources */ = {isa = PBXBuildFile; fileRef = 4D2679442B592E16004E62D2 /* Artists.swift */; };
		4D2679492B592E16004E62D2 /* Labels.swift in Sources */ = {isa = PBXBuildFile; fileRef = 4D2679452B592E16004E62D2 /* Labels.swift */; };
		4D26794A2B592E16004E62D2 /* Images.swift in Sources */ = {isa = PBXBuildFile; fileRef = 4D2679462B592E16004E62D2 /* Images.swift */; };
		4D26794B2B592E16004E62D2 /* ReleaseDetails.swift in Sources */ = {isa = PBXBuildFile; fileRef = 4D2679472B592E16004E62D2 /* ReleaseDetails.swift */; };
		4D4FFE9E2B4B21330091F6AF /* ReleaseAPI.swift in Sources */ = {isa = PBXBuildFile; fileRef = 4D4FFE9D2B4B21330091F6AF /* ReleaseAPI.swift */; };
		4D4FFEA02B4B21510091F6AF /* URLSessionProtocol.swift in Sources */ = {isa = PBXBuildFile; fileRef = 4D4FFE9F2B4B21510091F6AF /* URLSessionProtocol.swift */; };
		4D4FFEA32B4B23C60091F6AF /* ReleaseRepository.swift in Sources */ = {isa = PBXBuildFile; fileRef = 4D4FFEA22B4B23C60091F6AF /* ReleaseRepository.swift */; };
		4D4FFEA62B4B24090091F6AF /* ReleaseDB.swift in Sources */ = {isa = PBXBuildFile; fileRef = 4D4FFEA52B4B24090091F6AF /* ReleaseDB.swift */; };
		4D4FFEA82B4B241D0091F6AF /* ReleasesModel.swift in Sources */ = {isa = PBXBuildFile; fileRef = 4D4FFEA72B4B241D0091F6AF /* ReleasesModel.swift */; };
		4DAAF5C22B49649B002E45BB /* DiscogsApp.swift in Sources */ = {isa = PBXBuildFile; fileRef = 4DAAF5C12B49649B002E45BB /* DiscogsApp.swift */; };
		4DAAF5C42B49649B002E45BB /* ReleaseListView.swift in Sources */ = {isa = PBXBuildFile; fileRef = 4DAAF5C32B49649B002E45BB /* ReleaseListView.swift */; };
		4DAAF5C62B49649C002E45BB /* Assets.xcassets in Resources */ = {isa = PBXBuildFile; fileRef = 4DAAF5C52B49649C002E45BB /* Assets.xcassets */; };
		4DAAF5C92B49649C002E45BB /* Preview Assets.xcassets in Resources */ = {isa = PBXBuildFile; fileRef = 4DAAF5C82B49649C002E45BB /* Preview Assets.xcassets */; };
		4DAAF5F32B496779002E45BB /* Releases.swift in Sources */ = {isa = PBXBuildFile; fileRef = 4DAAF5ED2B496779002E45BB /* Releases.swift */; };
		4DAAF5F72B496779002E45BB /* DiscogsContent.swift in Sources */ = {isa = PBXBuildFile; fileRef = 4DAAF5F12B496779002E45BB /* DiscogsContent.swift */; };
		4DAAF5F92B49BC1F002E45BB /* ReleaseDetailView.swift in Sources */ = {isa = PBXBuildFile; fileRef = 4DAAF5F82B49BC1F002E45BB /* ReleaseDetailView.swift */; };
		4DAAF5FB2B49C12B002E45BB /* ReleaseCellView.swift in Sources */ = {isa = PBXBuildFile; fileRef = 4DAAF5FA2B49C12B002E45BB /* ReleaseCellView.swift */; };
		4DEDEEAE2B4AAEC40003AC00 /* ReleaseListViewModel.swift in Sources */ = {isa = PBXBuildFile; fileRef = 4DEDEEAD2B4AAEC40003AC00 /* ReleaseListViewModel.swift */; };
/* End PBXBuildFile section */

/* Begin PBXContainerItemProxy section */
		4DAAF5CF2B49649C002E45BB /* PBXContainerItemProxy */ = {
			isa = PBXContainerItemProxy;
			containerPortal = 4DAAF5B62B49649B002E45BB /* Project object */;
			proxyType = 1;
			remoteGlobalIDString = 4DAAF5BD2B49649B002E45BB;
			remoteInfo = Discogs;
		};
/* End PBXContainerItemProxy section */

/* Begin PBXFileReference section */
		4D0CFB9D2B4B2D6C006B32EE /* Evaluate.swift */ = {isa = PBXFileReference; lastKnownFileType = sourcecode.swift; path = Evaluate.swift; sourceTree = "<group>"; };
		4D0CFBA52B4B2EB6006B32EE /* ReleaseListViewModelTests.swift */ = {isa = PBXFileReference; lastKnownFileType = sourcecode.swift; path = ReleaseListViewModelTests.swift; sourceTree = "<group>"; };
		4D0CFBA72B4B307A006B32EE /* ReleaseTests.swift */ = {isa = PBXFileReference; lastKnownFileType = sourcecode.swift; path = ReleaseTests.swift; sourceTree = "<group>"; };
		4D0CFBA92B4B3092006B32EE /* MockReleaseRepository.swift */ = {isa = PBXFileReference; lastKnownFileType = sourcecode.swift; path = MockReleaseRepository.swift; sourceTree = "<group>"; };
		4D0CFBAB2B4B309F006B32EE /* ReleaseRepositoryTests.swift */ = {isa = PBXFileReference; lastKnownFileType = sourcecode.swift; path = ReleaseRepositoryTests.swift; sourceTree = "<group>"; };
		4D0CFBAD2B4B30AF006B32EE /* MockReleaseAPI.swift */ = {isa = PBXFileReference; lastKnownFileType = sourcecode.swift; path = MockReleaseAPI.swift; sourceTree = "<group>"; };
		4D0CFBAF2B4B30BD006B32EE /* MockURLSession.swift */ = {isa = PBXFileReference; lastKnownFileType = sourcecode.swift; path = MockURLSession.swift; sourceTree = "<group>"; };
		4D0CFBB12B4B30CC006B32EE /* ReleaseAPITests.swift */ = {isa = PBXFileReference; lastKnownFileType = sourcecode.swift; path = ReleaseAPITests.swift; sourceTree = "<group>"; };
		4D0CFBB32B4B30DF006B32EE /* MockReleaseDB.swift */ = {isa = PBXFileReference; lastKnownFileType = sourcecode.swift; path = MockReleaseDB.swift; sourceTree = "<group>"; };
		4D2679442B592E16004E62D2 /* Artists.swift */ = {isa = PBXFileReference; fileEncoding = 4; lastKnownFileType = sourcecode.swift; path = Artists.swift; sourceTree = "<group>"; };
		4D2679452B592E16004E62D2 /* Labels.swift */ = {isa = PBXFileReference; fileEncoding = 4; lastKnownFileType = sourcecode.swift; path = Labels.swift; sourceTree = "<group>"; };
		4D2679462B592E16004E62D2 /* Images.swift */ = {isa = PBXFileReference; fileEncoding = 4; lastKnownFileType = sourcecode.swift; path = Images.swift; sourceTree = "<group>"; };
		4D2679472B592E16004E62D2 /* ReleaseDetails.swift */ = {isa = PBXFileReference; fileEncoding = 4; lastKnownFileType = sourcecode.swift; path = ReleaseDetails.swift; sourceTree = "<group>"; };
		4D4FFE9D2B4B21330091F6AF /* ReleaseAPI.swift */ = {isa = PBXFileReference; lastKnownFileType = sourcecode.swift; path = ReleaseAPI.swift; sourceTree = "<group>"; };
		4D4FFE9F2B4B21510091F6AF /* URLSessionProtocol.swift */ = {isa = PBXFileReference; lastKnownFileType = sourcecode.swift; path = URLSessionProtocol.swift; sourceTree = "<group>"; };
		4D4FFEA22B4B23C60091F6AF /* ReleaseRepository.swift */ = {isa = PBXFileReference; lastKnownFileType = sourcecode.swift; path = ReleaseRepository.swift; sourceTree = "<group>"; };
		4D4FFEA52B4B24090091F6AF /* ReleaseDB.swift */ = {isa = PBXFileReference; lastKnownFileType = sourcecode.swift; path = ReleaseDB.swift; sourceTree = "<group>"; };
		4D4FFEA72B4B241D0091F6AF /* ReleasesModel.swift */ = {isa = PBXFileReference; lastKnownFileType = sourcecode.swift; path = ReleasesModel.swift; sourceTree = "<group>"; };
		4DAAF5BE2B49649B002E45BB /* Discogs.app */ = {isa = PBXFileReference; explicitFileType = wrapper.application; includeInIndex = 0; path = Discogs.app; sourceTree = BUILT_PRODUCTS_DIR; };
		4DAAF5C12B49649B002E45BB /* DiscogsApp.swift */ = {isa = PBXFileReference; lastKnownFileType = sourcecode.swift; path = DiscogsApp.swift; sourceTree = "<group>"; };
		4DAAF5C32B49649B002E45BB /* ReleaseListView.swift */ = {isa = PBXFileReference; lastKnownFileType = sourcecode.swift; path = ReleaseListView.swift; sourceTree = "<group>"; };
		4DAAF5C52B49649C002E45BB /* Assets.xcassets */ = {isa = PBXFileReference; lastKnownFileType = folder.assetcatalog; path = Assets.xcassets; sourceTree = "<group>"; };
		4DAAF5C82B49649C002E45BB /* Preview Assets.xcassets */ = {isa = PBXFileReference; lastKnownFileType = folder.assetcatalog; path = "Preview Assets.xcassets"; sourceTree = "<group>"; };
		4DAAF5CE2B49649C002E45BB /* DiscogsTests.xctest */ = {isa = PBXFileReference; explicitFileType = wrapper.cfbundle; includeInIndex = 0; path = DiscogsTests.xctest; sourceTree = BUILT_PRODUCTS_DIR; };
		4DAAF5ED2B496779002E45BB /* Releases.swift */ = {isa = PBXFileReference; fileEncoding = 4; lastKnownFileType = sourcecode.swift; path = Releases.swift; sourceTree = "<group>"; };
		4DAAF5F12B496779002E45BB /* DiscogsContent.swift */ = {isa = PBXFileReference; fileEncoding = 4; lastKnownFileType = sourcecode.swift; path = DiscogsContent.swift; sourceTree = "<group>"; };
		4DAAF5F82B49BC1F002E45BB /* ReleaseDetailView.swift */ = {isa = PBXFileReference; lastKnownFileType = sourcecode.swift; path = ReleaseDetailView.swift; sourceTree = "<group>"; };
		4DAAF5FA2B49C12B002E45BB /* ReleaseCellView.swift */ = {isa = PBXFileReference; lastKnownFileType = sourcecode.swift; path = ReleaseCellView.swift; sourceTree = "<group>"; };
		4DEDEEAD2B4AAEC40003AC00 /* ReleaseListViewModel.swift */ = {isa = PBXFileReference; lastKnownFileType = sourcecode.swift; path = ReleaseListViewModel.swift; sourceTree = "<group>"; };
/* End PBXFileReference section */

/* Begin PBXFrameworksBuildPhase section */
		4DAAF5BB2B49649B002E45BB /* Frameworks */ = {
			isa = PBXFrameworksBuildPhase;
			buildActionMask = 2147483647;
			files = (
			);
			runOnlyForDeploymentPostprocessing = 0;
		};
		4DAAF5CB2B49649C002E45BB /* Frameworks */ = {
			isa = PBXFrameworksBuildPhase;
			buildActionMask = 2147483647;
			files = (
			);
			runOnlyForDeploymentPostprocessing = 0;
		};
/* End PBXFrameworksBuildPhase section */

/* Begin PBXGroup section */
		4D0CFB9C2B4B2D5A006B32EE /* TestUtilities */ = {
			isa = PBXGroup;
			children = (
				4D0CFB9D2B4B2D6C006B32EE /* Evaluate.swift */,
			);
			path = TestUtilities;
			sourceTree = "<group>";
		};
		4D0CFB9F2B4B2E68006B32EE /* Database */ = {
			isa = PBXGroup;
			children = (
				4D0CFBB32B4B30DF006B32EE /* MockReleaseDB.swift */,
			);
			path = Database;
			sourceTree = "<group>";
		};
		4D0CFBA02B4B2E6F006B32EE /* Network */ = {
			isa = PBXGroup;
			children = (
				4D0CFBAD2B4B30AF006B32EE /* MockReleaseAPI.swift */,
				4D0CFBAF2B4B30BD006B32EE /* MockURLSession.swift */,
				4D0CFBB12B4B30CC006B32EE /* ReleaseAPITests.swift */,
			);
			path = Network;
			sourceTree = "<group>";
		};
		4D0CFBA12B4B2E76006B32EE /* Repository */ = {
			isa = PBXGroup;
			children = (
				4D0CFBA92B4B3092006B32EE /* MockReleaseRepository.swift */,
				4D0CFBAB2B4B309F006B32EE /* ReleaseRepositoryTests.swift */,
			);
			path = Repository;
			sourceTree = "<group>";
		};
		4D0CFBA22B4B2E8B006B32EE /* Domain */ = {
			isa = PBXGroup;
			children = (
				4D0CFBA72B4B307A006B32EE /* ReleaseTests.swift */,
			);
			path = Domain;
			sourceTree = "<group>";
		};
		4D0CFBA32B4B2E98006B32EE /* ViewModels */ = {
			isa = PBXGroup;
			children = (
				4D0CFBA52B4B2EB6006B32EE /* ReleaseListViewModelTests.swift */,
			);
			path = ViewModels;
			sourceTree = "<group>";
		};
		4D2679422B592B39004E62D2 /* ReleasesList */ = {
			isa = PBXGroup;
			children = (
				4DAAF5F12B496779002E45BB /* DiscogsContent.swift */,
				4DAAF5ED2B496779002E45BB /* Releases.swift */,
			);
			path = ReleasesList;
			sourceTree = "<group>";
		};
		4D2679432B592B42004E62D2 /* ReleaseDetails */ = {
			isa = PBXGroup;
			children = (
				4D2679472B592E16004E62D2 /* ReleaseDetails.swift */,
				4D2679442B592E16004E62D2 /* Artists.swift */,
				4D2679452B592E16004E62D2 /* Labels.swift */,
				4D2679462B592E16004E62D2 /* Images.swift */,
			);
			path = ReleaseDetails;
			sourceTree = "<group>";
		};
		4D4FFE9C2B4B21260091F6AF /* Network */ = {
			isa = PBXGroup;
			children = (
				4D4FFE9D2B4B21330091F6AF /* ReleaseAPI.swift */,
				4D4FFE9F2B4B21510091F6AF /* URLSessionProtocol.swift */,
			);
			path = Network;
			sourceTree = "<group>";
		};
		4D4FFEA12B4B23AD0091F6AF /* Repository */ = {
			isa = PBXGroup;
			children = (
				4D4FFEA22B4B23C60091F6AF /* ReleaseRepository.swift */,
			);
			path = Repository;
			sourceTree = "<group>";
		};
		4D4FFEA42B4B23ED0091F6AF /* Database */ = {
			isa = PBXGroup;
			children = (
				4D4FFEA52B4B24090091F6AF /* ReleaseDB.swift */,
				4D4FFEA72B4B241D0091F6AF /* ReleasesModel.swift */,
			);
			path = Database;
			sourceTree = "<group>";
		};
		4D4FFEA92B4B260A0091F6AF /* Views */ = {
			isa = PBXGroup;
			children = (
				4DAAF5C12B49649B002E45BB /* DiscogsApp.swift */,
				4DAAF5C32B49649B002E45BB /* ReleaseListView.swift */,
				4DEDEEAD2B4AAEC40003AC00 /* ReleaseListViewModel.swift */,
				4DAAF5FA2B49C12B002E45BB /* ReleaseCellView.swift */,
				4DAAF5F82B49BC1F002E45BB /* ReleaseDetailView.swift */,
			);
			path = Views;
			sourceTree = "<group>";
		};
		4DAAF5B52B49649B002E45BB = {
			isa = PBXGroup;
			children = (
				4DAAF5C02B49649B002E45BB /* Discogs */,
				4DAAF5D12B49649C002E45BB /* DiscogsTests */,
				4DAAF5BF2B49649B002E45BB /* Products */,
			);
			sourceTree = "<group>";
		};
		4DAAF5BF2B49649B002E45BB /* Products */ = {
			isa = PBXGroup;
			children = (
				4DAAF5BE2B49649B002E45BB /* Discogs.app */,
				4DAAF5CE2B49649C002E45BB /* DiscogsTests.xctest */,
			);
			name = Products;
			sourceTree = "<group>";
		};
		4DAAF5C02B49649B002E45BB /* Discogs */ = {
			isa = PBXGroup;
			children = (
				4D4FFEA92B4B260A0091F6AF /* Views */,
				4D4FFEA12B4B23AD0091F6AF /* Repository */,
				4D4FFE9C2B4B21260091F6AF /* Network */,
				4D4FFEA42B4B23ED0091F6AF /* Database */,
				4DAAF5EB2B496769002E45BB /* CodableModels */,
				4DAAF5C52B49649C002E45BB /* Assets.xcassets */,
				4DAAF5C72B49649C002E45BB /* Preview Content */,
			);
			path = Discogs;
			sourceTree = "<group>";
		};
		4DAAF5C72B49649C002E45BB /* Preview Content */ = {
			isa = PBXGroup;
			children = (
				4DAAF5C82B49649C002E45BB /* Preview Assets.xcassets */,
			);
			path = "Preview Content";
			sourceTree = "<group>";
		};
		4DAAF5D12B49649C002E45BB /* DiscogsTests */ = {
			isa = PBXGroup;
			children = (
				4D0CFB9C2B4B2D5A006B32EE /* TestUtilities */,
				4D0CFBA32B4B2E98006B32EE /* ViewModels */,
				4D0CFBA22B4B2E8B006B32EE /* Domain */,
				4D0CFBA12B4B2E76006B32EE /* Repository */,
				4D0CFBA02B4B2E6F006B32EE /* Network */,
				4D0CFB9F2B4B2E68006B32EE /* Database */,
			);
			path = DiscogsTests;
			sourceTree = "<group>";
		};
		4DAAF5EB2B496769002E45BB /* CodableModels */ = {
			isa = PBXGroup;
			children = (
				4D2679422B592B39004E62D2 /* ReleasesList */,
				4D2679432B592B42004E62D2 /* ReleaseDetails */,
			);
			path = CodableModels;
			sourceTree = "<group>";
		};
/* End PBXGroup section */

/* Begin PBXNativeTarget section */
		4DAAF5BD2B49649B002E45BB /* Discogs */ = {
			isa = PBXNativeTarget;
			buildConfigurationList = 4DAAF5E22B49649C002E45BB /* Build configuration list for PBXNativeTarget "Discogs" */;
			buildPhases = (
				4DAAF5BA2B49649B002E45BB /* Sources */,
				4DAAF5BB2B49649B002E45BB /* Frameworks */,
				4DAAF5BC2B49649B002E45BB /* Resources */,
			);
			buildRules = (
			);
			dependencies = (
			);
			name = Discogs;
			productName = Discogs;
			productReference = 4DAAF5BE2B49649B002E45BB /* Discogs.app */;
			productType = "com.apple.product-type.application";
		};
		4DAAF5CD2B49649C002E45BB /* DiscogsTests */ = {
			isa = PBXNativeTarget;
			buildConfigurationList = 4DAAF5E52B49649C002E45BB /* Build configuration list for PBXNativeTarget "DiscogsTests" */;
			buildPhases = (
				4DAAF5CA2B49649C002E45BB /* Sources */,
				4DAAF5CB2B49649C002E45BB /* Frameworks */,
				4DAAF5CC2B49649C002E45BB /* Resources */,
			);
			buildRules = (
			);
			dependencies = (
				4DAAF5D02B49649C002E45BB /* PBXTargetDependency */,
			);
			name = DiscogsTests;
			productName = DiscogsTests;
			productReference = 4DAAF5CE2B49649C002E45BB /* DiscogsTests.xctest */;
			productType = "com.apple.product-type.bundle.unit-test";
		};
/* End PBXNativeTarget section */

/* Begin PBXProject section */
		4DAAF5B62B49649B002E45BB /* Project object */ = {
			isa = PBXProject;
			attributes = {
				BuildIndependentTargetsInParallel = 1;
				LastSwiftUpdateCheck = 1510;
				LastUpgradeCheck = 1510;
				TargetAttributes = {
					4DAAF5BD2B49649B002E45BB = {
						CreatedOnToolsVersion = 15.1;
					};
					4DAAF5CD2B49649C002E45BB = {
						CreatedOnToolsVersion = 15.1;
						TestTargetID = 4DAAF5BD2B49649B002E45BB;
					};
				};
			};
			buildConfigurationList = 4DAAF5B92B49649B002E45BB /* Build configuration list for PBXProject "Discogs" */;
			compatibilityVersion = "Xcode 14.0";
			developmentRegion = en;
			hasScannedForEncodings = 0;
			knownRegions = (
				en,
				Base,
			);
			mainGroup = 4DAAF5B52B49649B002E45BB;
			productRefGroup = 4DAAF5BF2B49649B002E45BB /* Products */;
			projectDirPath = "";
			projectRoot = "";
			targets = (
				4DAAF5BD2B49649B002E45BB /* Discogs */,
				4DAAF5CD2B49649C002E45BB /* DiscogsTests */,
			);
		};
/* End PBXProject section */

/* Begin PBXResourcesBuildPhase section */
		4DAAF5BC2B49649B002E45BB /* Resources */ = {
			isa = PBXResourcesBuildPhase;
			buildActionMask = 2147483647;
			files = (
				4DAAF5C92B49649C002E45BB /* Preview Assets.xcassets in Resources */,
				4DAAF5C62B49649C002E45BB /* Assets.xcassets in Resources */,
			);
			runOnlyForDeploymentPostprocessing = 0;
		};
		4DAAF5CC2B49649C002E45BB /* Resources */ = {
			isa = PBXResourcesBuildPhase;
			buildActionMask = 2147483647;
			files = (
			);
			runOnlyForDeploymentPostprocessing = 0;
		};
/* End PBXResourcesBuildPhase section */

/* Begin PBXSourcesBuildPhase section */
		4DAAF5BA2B49649B002E45BB /* Sources */ = {
			isa = PBXSourcesBuildPhase;
			buildActionMask = 2147483647;
			files = (
				4D4FFEA82B4B241D0091F6AF /* ReleasesModel.swift in Sources */,
				4DAAF5F32B496779002E45BB /* Releases.swift in Sources */,
				4D4FFE9E2B4B21330091F6AF /* ReleaseAPI.swift in Sources */,
				4D2679482B592E16004E62D2 /* Artists.swift in Sources */,
				4DAAF5C42B49649B002E45BB /* ReleaseListView.swift in Sources */,
				4DAAF5F92B49BC1F002E45BB /* ReleaseDetailView.swift in Sources */,
				4D26794B2B592E16004E62D2 /* ReleaseDetails.swift in Sources */,
				4D4FFEA02B4B21510091F6AF /* URLSessionProtocol.swift in Sources */,
				4D26794A2B592E16004E62D2 /* Images.swift in Sources */,
				4DAAF5FB2B49C12B002E45BB /* ReleaseCellView.swift in Sources */,
				4D4FFEA32B4B23C60091F6AF /* ReleaseRepository.swift in Sources */,
				4DEDEEAE2B4AAEC40003AC00 /* ReleaseListViewModel.swift in Sources */,
				4D2679492B592E16004E62D2 /* Labels.swift in Sources */,
				4D4FFEA62B4B24090091F6AF /* ReleaseDB.swift in Sources */,
				4DAAF5F72B496779002E45BB /* DiscogsContent.swift in Sources */,
				4DAAF5C22B49649B002E45BB /* DiscogsApp.swift in Sources */,
			);
			runOnlyForDeploymentPostprocessing = 0;
		};
		4DAAF5CA2B49649C002E45BB /* Sources */ = {
			isa = PBXSourcesBuildPhase;
			buildActionMask = 2147483647;
			files = (
				4D0CFBA62B4B2EB6006B32EE /* ReleaseListViewModelTests.swift in Sources */,
				4D0CFBB42B4B30DF006B32EE /* MockReleaseDB.swift in Sources */,
				4D0CFBAA2B4B3092006B32EE /* MockReleaseRepository.swift in Sources */,
				4D0CFBAC2B4B309F006B32EE /* ReleaseRepositoryTests.swift in Sources */,
				4D0CFB9E2B4B2D6C006B32EE /* Evaluate.swift in Sources */,
				4D0CFBB02B4B30BD006B32EE /* MockURLSession.swift in Sources */,
				4D0CFBAE2B4B30AF006B32EE /* MockReleaseAPI.swift in Sources */,
				4D0CFBB22B4B30CC006B32EE /* ReleaseAPITests.swift in Sources */,
				4D0CFBA82B4B307A006B32EE /* ReleaseTests.swift in Sources */,
			);
			runOnlyForDeploymentPostprocessing = 0;
		};
/* End PBXSourcesBuildPhase section */

/* Begin PBXTargetDependency section */
		4DAAF5D02B49649C002E45BB /* PBXTargetDependency */ = {
			isa = PBXTargetDependency;
			target = 4DAAF5BD2B49649B002E45BB /* Discogs */;
			targetProxy = 4DAAF5CF2B49649C002E45BB /* PBXContainerItemProxy */;
		};
/* End PBXTargetDependency section */

/* Begin XCBuildConfiguration section */
		4DAAF5E02B49649C002E45BB /* Debug */ = {
			isa = XCBuildConfiguration;
			buildSettings = {
				ALWAYS_SEARCH_USER_PATHS = NO;
				ASSETCATALOG_COMPILER_GENERATE_SWIFT_ASSET_SYMBOL_EXTENSIONS = YES;
				CLANG_ANALYZER_NONNULL = YES;
				CLANG_ANALYZER_NUMBER_OBJECT_CONVERSION = YES_AGGRESSIVE;
				CLANG_CXX_LANGUAGE_STANDARD = "gnu++20";
				CLANG_ENABLE_MODULES = YES;
				CLANG_ENABLE_OBJC_ARC = YES;
				CLANG_ENABLE_OBJC_WEAK = YES;
				CLANG_WARN_BLOCK_CAPTURE_AUTORELEASING = YES;
				CLANG_WARN_BOOL_CONVERSION = YES;
				CLANG_WARN_COMMA = YES;
				CLANG_WARN_CONSTANT_CONVERSION = YES;
				CLANG_WARN_DEPRECATED_OBJC_IMPLEMENTATIONS = YES;
				CLANG_WARN_DIRECT_OBJC_ISA_USAGE = YES_ERROR;
				CLANG_WARN_DOCUMENTATION_COMMENTS = YES;
				CLANG_WARN_EMPTY_BODY = YES;
				CLANG_WARN_ENUM_CONVERSION = YES;
				CLANG_WARN_INFINITE_RECURSION = YES;
				CLANG_WARN_INT_CONVERSION = YES;
				CLANG_WARN_NON_LITERAL_NULL_CONVERSION = YES;
				CLANG_WARN_OBJC_IMPLICIT_RETAIN_SELF = YES;
				CLANG_WARN_OBJC_LITERAL_CONVERSION = YES;
				CLANG_WARN_OBJC_ROOT_CLASS = YES_ERROR;
				CLANG_WARN_QUOTED_INCLUDE_IN_FRAMEWORK_HEADER = YES;
				CLANG_WARN_RANGE_LOOP_ANALYSIS = YES;
				CLANG_WARN_STRICT_PROTOTYPES = YES;
				CLANG_WARN_SUSPICIOUS_MOVE = YES;
				CLANG_WARN_UNGUARDED_AVAILABILITY = YES_AGGRESSIVE;
				CLANG_WARN_UNREACHABLE_CODE = YES;
				CLANG_WARN__DUPLICATE_METHOD_MATCH = YES;
				COPY_PHASE_STRIP = NO;
				DEBUG_INFORMATION_FORMAT = dwarf;
				ENABLE_STRICT_OBJC_MSGSEND = YES;
				ENABLE_TESTABILITY = YES;
				ENABLE_USER_SCRIPT_SANDBOXING = YES;
				GCC_C_LANGUAGE_STANDARD = gnu17;
				GCC_DYNAMIC_NO_PIC = NO;
				GCC_NO_COMMON_BLOCKS = YES;
				GCC_OPTIMIZATION_LEVEL = 0;
				GCC_PREPROCESSOR_DEFINITIONS = (
					"DEBUG=1",
					"$(inherited)",
				);
				GCC_WARN_64_TO_32_BIT_CONVERSION = YES;
				GCC_WARN_ABOUT_RETURN_TYPE = YES_ERROR;
				GCC_WARN_UNDECLARED_SELECTOR = YES;
				GCC_WARN_UNINITIALIZED_AUTOS = YES_AGGRESSIVE;
				GCC_WARN_UNUSED_FUNCTION = YES;
				GCC_WARN_UNUSED_VARIABLE = YES;
				IPHONEOS_DEPLOYMENT_TARGET = 17.2;
				LOCALIZATION_PREFERS_STRING_CATALOGS = YES;
				MTL_ENABLE_DEBUG_INFO = INCLUDE_SOURCE;
				MTL_FAST_MATH = YES;
				ONLY_ACTIVE_ARCH = YES;
				SDKROOT = iphoneos;
				SWIFT_ACTIVE_COMPILATION_CONDITIONS = "DEBUG $(inherited)";
				SWIFT_OPTIMIZATION_LEVEL = "-Onone";
			};
			name = Debug;
		};
		4DAAF5E12B49649C002E45BB /* Release */ = {
			isa = XCBuildConfiguration;
			buildSettings = {
				ALWAYS_SEARCH_USER_PATHS = NO;
				ASSETCATALOG_COMPILER_GENERATE_SWIFT_ASSET_SYMBOL_EXTENSIONS = YES;
				CLANG_ANALYZER_NONNULL = YES;
				CLANG_ANALYZER_NUMBER_OBJECT_CONVERSION = YES_AGGRESSIVE;
				CLANG_CXX_LANGUAGE_STANDARD = "gnu++20";
				CLANG_ENABLE_MODULES = YES;
				CLANG_ENABLE_OBJC_ARC = YES;
				CLANG_ENABLE_OBJC_WEAK = YES;
				CLANG_WARN_BLOCK_CAPTURE_AUTORELEASING = YES;
				CLANG_WARN_BOOL_CONVERSION = YES;
				CLANG_WARN_COMMA = YES;
				CLANG_WARN_CONSTANT_CONVERSION = YES;
				CLANG_WARN_DEPRECATED_OBJC_IMPLEMENTATIONS = YES;
				CLANG_WARN_DIRECT_OBJC_ISA_USAGE = YES_ERROR;
				CLANG_WARN_DOCUMENTATION_COMMENTS = YES;
				CLANG_WARN_EMPTY_BODY = YES;
				CLANG_WARN_ENUM_CONVERSION = YES;
				CLANG_WARN_INFINITE_RECURSION = YES;
				CLANG_WARN_INT_CONVERSION = YES;
				CLANG_WARN_NON_LITERAL_NULL_CONVERSION = YES;
				CLANG_WARN_OBJC_IMPLICIT_RETAIN_SELF = YES;
				CLANG_WARN_OBJC_LITERAL_CONVERSION = YES;
				CLANG_WARN_OBJC_ROOT_CLASS = YES_ERROR;
				CLANG_WARN_QUOTED_INCLUDE_IN_FRAMEWORK_HEADER = YES;
				CLANG_WARN_RANGE_LOOP_ANALYSIS = YES;
				CLANG_WARN_STRICT_PROTOTYPES = YES;
				CLANG_WARN_SUSPICIOUS_MOVE = YES;
				CLANG_WARN_UNGUARDED_AVAILABILITY = YES_AGGRESSIVE;
				CLANG_WARN_UNREACHABLE_CODE = YES;
				CLANG_WARN__DUPLICATE_METHOD_MATCH = YES;
				COPY_PHASE_STRIP = NO;
				DEBUG_INFORMATION_FORMAT = "dwarf-with-dsym";
				ENABLE_NS_ASSERTIONS = NO;
				ENABLE_STRICT_OBJC_MSGSEND = YES;
				ENABLE_USER_SCRIPT_SANDBOXING = YES;
				GCC_C_LANGUAGE_STANDARD = gnu17;
				GCC_NO_COMMON_BLOCKS = YES;
				GCC_WARN_64_TO_32_BIT_CONVERSION = YES;
				GCC_WARN_ABOUT_RETURN_TYPE = YES_ERROR;
				GCC_WARN_UNDECLARED_SELECTOR = YES;
				GCC_WARN_UNINITIALIZED_AUTOS = YES_AGGRESSIVE;
				GCC_WARN_UNUSED_FUNCTION = YES;
				GCC_WARN_UNUSED_VARIABLE = YES;
				IPHONEOS_DEPLOYMENT_TARGET = 17.2;
				LOCALIZATION_PREFERS_STRING_CATALOGS = YES;
				MTL_ENABLE_DEBUG_INFO = NO;
				MTL_FAST_MATH = YES;
				SDKROOT = iphoneos;
				SWIFT_COMPILATION_MODE = wholemodule;
				VALIDATE_PRODUCT = YES;
			};
			name = Release;
		};
		4DAAF5E32B49649C002E45BB /* Debug */ = {
			isa = XCBuildConfiguration;
			buildSettings = {
				ASSETCATALOG_COMPILER_APPICON_NAME = AppIcon;
				ASSETCATALOG_COMPILER_GLOBAL_ACCENT_COLOR_NAME = AccentColor;
				CODE_SIGN_STYLE = Automatic;
				CURRENT_PROJECT_VERSION = 1;
				DEVELOPMENT_ASSET_PATHS = "\"Discogs/Preview Content\"";
				DEVELOPMENT_TEAM = Y8NX76ELDN;
				ENABLE_PREVIEWS = YES;
				GENERATE_INFOPLIST_FILE = YES;
				INFOPLIST_KEY_UIApplicationSceneManifest_Generation = YES;
				INFOPLIST_KEY_UIApplicationSupportsIndirectInputEvents = YES;
				INFOPLIST_KEY_UILaunchScreen_Generation = YES;
				INFOPLIST_KEY_UISupportedInterfaceOrientations_iPad = "UIInterfaceOrientationPortrait UIInterfaceOrientationPortraitUpsideDown UIInterfaceOrientationLandscapeLeft UIInterfaceOrientationLandscapeRight";
				INFOPLIST_KEY_UISupportedInterfaceOrientations_iPhone = "UIInterfaceOrientationPortrait UIInterfaceOrientationLandscapeLeft UIInterfaceOrientationLandscapeRight";
				LD_RUNPATH_SEARCH_PATHS = (
					"$(inherited)",
					"@executable_path/Frameworks",
				);
				MARKETING_VERSION = 1.0;
				PRODUCT_BUNDLE_IDENTIFIER = nu.sing2.Discogs;
				PRODUCT_NAME = "$(TARGET_NAME)";
				SWIFT_EMIT_LOC_STRINGS = YES;
				SWIFT_VERSION = 5.0;
				TARGETED_DEVICE_FAMILY = "1,2";
			};
			name = Debug;
		};
		4DAAF5E42B49649C002E45BB /* Release */ = {
			isa = XCBuildConfiguration;
			buildSettings = {
				ASSETCATALOG_COMPILER_APPICON_NAME = AppIcon;
				ASSETCATALOG_COMPILER_GLOBAL_ACCENT_COLOR_NAME = AccentColor;
				CODE_SIGN_STYLE = Automatic;
				CURRENT_PROJECT_VERSION = 1;
				DEVELOPMENT_ASSET_PATHS = "\"Discogs/Preview Content\"";
				DEVELOPMENT_TEAM = Y8NX76ELDN;
				ENABLE_PREVIEWS = YES;
				GENERATE_INFOPLIST_FILE = YES;
				INFOPLIST_KEY_UIApplicationSceneManifest_Generation = YES;
				INFOPLIST_KEY_UIApplicationSupportsIndirectInputEvents = YES;
				INFOPLIST_KEY_UILaunchScreen_Generation = YES;
				INFOPLIST_KEY_UISupportedInterfaceOrientations_iPad = "UIInterfaceOrientationPortrait UIInterfaceOrientationPortraitUpsideDown UIInterfaceOrientationLandscapeLeft UIInterfaceOrientationLandscapeRight";
				INFOPLIST_KEY_UISupportedInterfaceOrientations_iPhone = "UIInterfaceOrientationPortrait UIInterfaceOrientationLandscapeLeft UIInterfaceOrientationLandscapeRight";
				LD_RUNPATH_SEARCH_PATHS = (
					"$(inherited)",
					"@executable_path/Frameworks",
				);
				MARKETING_VERSION = 1.0;
				PRODUCT_BUNDLE_IDENTIFIER = nu.sing2.Discogs;
				PRODUCT_NAME = "$(TARGET_NAME)";
				SWIFT_EMIT_LOC_STRINGS = YES;
				SWIFT_VERSION = 5.0;
				TARGETED_DEVICE_FAMILY = "1,2";
			};
			name = Release;
		};
		4DAAF5E62B49649C002E45BB /* Debug */ = {
			isa = XCBuildConfiguration;
			buildSettings = {
				ALWAYS_EMBED_SWIFT_STANDARD_LIBRARIES = YES;
				BUNDLE_LOADER = "$(TEST_HOST)";
				CODE_SIGN_STYLE = Automatic;
				CURRENT_PROJECT_VERSION = 1;
				DEVELOPMENT_TEAM = Y8NX76ELDN;
				GENERATE_INFOPLIST_FILE = YES;
				IPHONEOS_DEPLOYMENT_TARGET = 17.2;
				MARKETING_VERSION = 1.0;
				PRODUCT_BUNDLE_IDENTIFIER = nu.sing2.DiscogsTests;
				PRODUCT_NAME = "$(TARGET_NAME)";
				SWIFT_EMIT_LOC_STRINGS = NO;
				SWIFT_VERSION = 5.0;
				TARGETED_DEVICE_FAMILY = "1,2";
				TEST_HOST = "$(BUILT_PRODUCTS_DIR)/Discogs.app/$(BUNDLE_EXECUTABLE_FOLDER_PATH)/Discogs";
			};
			name = Debug;
		};
		4DAAF5E72B49649C002E45BB /* Release */ = {
			isa = XCBuildConfiguration;
			buildSettings = {
				ALWAYS_EMBED_SWIFT_STANDARD_LIBRARIES = YES;
				BUNDLE_LOADER = "$(TEST_HOST)";
				CODE_SIGN_STYLE = Automatic;
				CURRENT_PROJECT_VERSION = 1;
				DEVELOPMENT_TEAM = Y8NX76ELDN;
				GENERATE_INFOPLIST_FILE = YES;
				IPHONEOS_DEPLOYMENT_TARGET = 17.2;
				MARKETING_VERSION = 1.0;
				PRODUCT_BUNDLE_IDENTIFIER = nu.sing2.DiscogsTests;
				PRODUCT_NAME = "$(TARGET_NAME)";
				SWIFT_EMIT_LOC_STRINGS = NO;
				SWIFT_VERSION = 5.0;
				TARGETED_DEVICE_FAMILY = "1,2";
				TEST_HOST = "$(BUILT_PRODUCTS_DIR)/Discogs.app/$(BUNDLE_EXECUTABLE_FOLDER_PATH)/Discogs";
			};
			name = Release;
		};
/* End XCBuildConfiguration section */

/* Begin XCConfigurationList section */
		4DAAF5B92B49649B002E45BB /* Build configuration list for PBXProject "Discogs" */ = {
			isa = XCConfigurationList;
			buildConfigurations = (
				4DAAF5E02B49649C002E45BB /* Debug */,
				4DAAF5E12B49649C002E45BB /* Release */,
			);
			defaultConfigurationIsVisible = 0;
			defaultConfigurationName = Release;
		};
		4DAAF5E22B49649C002E45BB /* Build configuration list for PBXNativeTarget "Discogs" */ = {
			isa = XCConfigurationList;
			buildConfigurations = (
				4DAAF5E32B49649C002E45BB /* Debug */,
				4DAAF5E42B49649C002E45BB /* Release */,
			);
			defaultConfigurationIsVisible = 0;
			defaultConfigurationName = Release;
		};
		4DAAF5E52B49649C002E45BB /* Build configuration list for PBXNativeTarget "DiscogsTests" */ = {
			isa = XCConfigurationList;
			buildConfigurations = (
				4DAAF5E62B49649C002E45BB /* Debug */,
				4DAAF5E72B49649C002E45BB /* Release */,
			);
			defaultConfigurationIsVisible = 0;
			defaultConfigurationName = Release;
		};
/* End XCConfigurationList section */
	};
	rootObject = 4DAAF5B62B49649B002E45BB /* Project object */;
}
